
Microsoft Visual Studio Solution File, Format Version 12.00
# Visual Studio Version 16
VisualStudioVersion = 16.0.30621.155
MinimumVisualStudioVersion = 10.0.40219.1
Project("{9A19103F-16F7-4668-BE54-9A1E7A4F7556}") = "StringManipulation", "StringManipulation\StringManipulation.csproj", "{7F0833F8-1A44-4A42-8BBC-0E072D5961B2}"
EndProject
Project("{9A19103F-16F7-4668-BE54-9A1E7A4F7556}") = "01.ReverseString", "01.ReverseString\01.ReverseString.csproj", "{A74EF214-A8C5-403B-9E19-55415A7E0D8C}"
EndProject
Project("{9A19103F-16F7-4668-BE54-9A1E7A4F7556}") = "03.Substring", "03.Субстринг\03.Substring.csproj", "{05780933-90F6-45E2-ABBE-815E3B872A8C}"
EndProject
Project("{9A19103F-16F7-4668-BE54-9A1E7A4F7556}") = "04.TextFilter", "04.TextFilter\04.TextFilter.csproj", "{687CD2BD-CBF7-4DC1-9D1B-6E95B3C2A006}"
EndProject
Project("{9A19103F-16F7-4668-BE54-9A1E7A4F7556}") = "05.DigitsLettersAndOther", "05.DigitsLettersAndOther\05.DigitsLettersAndOther.csproj", "{EAAB781F-CD32-4F92-9BB9-224B3A910D0C}"
EndProject
Project("{9A19103F-16F7-4668-BE54-9A1E7A4F7556}") = "01.ValidUsernames", "01.ValidUsernames\01.ValidUsernames.csproj", "{C4131B85-CCD3-4122-94EB-87E6030B0CA4}"
EndProject
Project("{9A19103F-16F7-4668-BE54-9A1E7A4F7556}") = "02.CharMultiplier", "02.CharMultiplier\02.CharMultiplier.csproj", "{59CA3A93-1CE7-4E90-8B5D-26F8C2ACB3DF}"
EndProject
Project("{9A19103F-16F7-4668-BE54-9A1E7A4F7556}") = "03.ExtractFile", "03.ExtractFile\03.ExtractFile.csproj", "{FD010267-1634-4D00-9CB3-C5568E88638F}"
EndProject
Project("{9A19103F-16F7-4668-BE54-9A1E7A4F7556}") = "04.CaesarCipher", "04.CaesarCipher\04.CaesarCipher.csproj", "{1C47848E-7B8A-447F-BD27-974E47E3C8EE}"
EndProject
Project("{9A19103F-16F7-4668-BE54-9A1E7A4F7556}") = "05.MiltuplyBigNum", "05.MiltuplyBigNum\05.MiltuplyBigNum.csproj", "{B0672201-07C9-4A98-A8B1-7021EF57C7E0}"
EndProject
Project("{9A19103F-16F7-4668-BE54-9A1E7A4F7556}") = "06.ReplaceRepeatingChars", "06.ReplaceRepeatingChars\06.ReplaceRepeatingChars.csproj", "{4EA7A8D9-9D83-499B-8176-F93D7E09C104}"
EndProject
Project("{9A19103F-16F7-4668-BE54-9A1E7A4F7556}") = "07.StringExplosion", "07.StringExplosion\07.StringExplosion.csproj", "{57BB5C30-4436-4C6D-9342-19FB599A7AC8}"
EndProject
Project("{9A19103F-16F7-4668-BE54-9A1E7A4F7556}") = "08.LettersChangeNumbers", "08.LettersChangeNumbers\08.LettersChangeNumbers.csproj", "{0324A66F-4704-4C30-95F4-6FD215776685}"
EndProject
Project("{FAE04EC0-301F-11D3-BF4B-00C04F79EFBC}") = "01.ExtractPersonalInformation", "01.ExtractPersonalInformation\01.ExtractPersonalInformation.csproj", "{77C2C3B1-7262-4BED-A5EF-EC81811A8602}"
EndProject
Project("{FAE04EC0-301F-11D3-BF4B-00C04F79EFBC}") = "02.AciiSumator", "02.AciiSumator\02.AciiSumator.csproj", "{9ACCA04F-D9E2-463D-9884-8C6E4865695F}"
EndProject
Project("{FAE04EC0-301F-11D3-BF4B-00C04F79EFBC}") = "03.TreasureFinder", "03.TreasureFinder\03.TreasureFinder.csproj", "{43DF783A-75F3-4D35-B1C9-60607386A66E}"
EndProject
Global
	GlobalSection(SolutionConfigurationPlatforms) = preSolution
		Debug|Any CPU = Debug|Any CPU
		Release|Any CPU = Release|Any CPU
	EndGlobalSection
	GlobalSection(ProjectConfigurationPlatforms) = postSolution
		{7F0833F8-1A44-4A42-8BBC-0E072D5961B2}.Debug|Any CPU.ActiveCfg = Debug|Any CPU
		{7F0833F8-1A44-4A42-8BBC-0E072D5961B2}.Debug|Any CPU.Build.0 = Debug|Any CPU
		{7F0833F8-1A44-4A42-8BBC-0E072D5961B2}.Release|Any CPU.ActiveCfg = Release|Any CPU
		{7F0833F8-1A44-4A42-8BBC-0E072D5961B2}.Release|Any CPU.Build.0 = Release|Any CPU
		{A74EF214-A8C5-403B-9E19-55415A7E0D8C}.Debug|Any CPU.ActiveCfg = Debug|Any CPU
		{A74EF214-A8C5-403B-9E19-55415A7E0D8C}.Debug|Any CPU.Build.0 = Debug|Any CPU
		{A74EF214-A8C5-403B-9E19-55415A7E0D8C}.Release|Any CPU.ActiveCfg = Release|Any CPU
		{A74EF214-A8C5-403B-9E19-55415A7E0D8C}.Release|Any CPU.Build.0 = Release|Any CPU
		{05780933-90F6-45E2-ABBE-815E3B872A8C}.Debug|Any CPU.ActiveCfg = Debug|Any CPU
		{05780933-90F6-45E2-ABBE-815E3B872A8C}.Debug|Any CPU.Build.0 = Debug|Any CPU
		{05780933-90F6-45E2-ABBE-815E3B872A8C}.Release|Any CPU.ActiveCfg = Release|Any CPU
		{05780933-90F6-45E2-ABBE-815E3B872A8C}.Release|Any CPU.Build.0 = Release|Any CPU
		{687CD2BD-CBF7-4DC1-9D1B-6E95B3C2A006}.Debug|Any CPU.ActiveCfg = Debug|Any CPU
		{687CD2BD-CBF7-4DC1-9D1B-6E95B3C2A006}.Debug|Any CPU.Build.0 = Debug|Any CPU
		{687CD2BD-CBF7-4DC1-9D1B-6E95B3C2A006}.Release|Any CPU.ActiveCfg = Release|Any CPU
		{687CD2BD-CBF7-4DC1-9D1B-6E95B3C2A006}.Release|Any CPU.Build.0 = Release|Any CPU
		{EAAB781F-CD32-4F92-9BB9-224B3A910D0C}.Debug|Any CPU.ActiveCfg = Debug|Any CPU
		{EAAB781F-CD32-4F92-9BB9-224B3A910D0C}.Debug|Any CPU.Build.0 = Debug|Any CPU
		{EAAB781F-CD32-4F92-9BB9-224B3A910D0C}.Release|Any CPU.ActiveCfg = Release|Any CPU
		{EAAB781F-CD32-4F92-9BB9-224B3A910D0C}.Release|Any CPU.Build.0 = Release|Any CPU
		{C4131B85-CCD3-4122-94EB-87E6030B0CA4}.Debug|Any CPU.ActiveCfg = Debug|Any CPU
		{C4131B85-CCD3-4122-94EB-87E6030B0CA4}.Debug|Any CPU.Build.0 = Debug|Any CPU
		{C4131B85-CCD3-4122-94EB-87E6030B0CA4}.Release|Any CPU.ActiveCfg = Release|Any CPU
		{C4131B85-CCD3-4122-94EB-87E6030B0CA4}.Release|Any CPU.Build.0 = Release|Any CPU
		{59CA3A93-1CE7-4E90-8B5D-26F8C2ACB3DF}.Debug|Any CPU.ActiveCfg = Debug|Any CPU
		{59CA3A93-1CE7-4E90-8B5D-26F8C2ACB3DF}.Debug|Any CPU.Build.0 = Debug|Any CPU
		{59CA3A93-1CE7-4E90-8B5D-26F8C2ACB3DF}.Release|Any CPU.ActiveCfg = Release|Any CPU
		{59CA3A93-1CE7-4E90-8B5D-26F8C2ACB3DF}.Release|Any CPU.Build.0 = Release|Any CPU
		{FD010267-1634-4D00-9CB3-C5568E88638F}.Debug|Any CPU.ActiveCfg = Debug|Any CPU
		{FD010267-1634-4D00-9CB3-C5568E88638F}.Debug|Any CPU.Build.0 = Debug|Any CPU
		{FD010267-1634-4D00-9CB3-C5568E88638F}.Release|Any CPU.ActiveCfg = Release|Any CPU
		{FD010267-1634-4D00-9CB3-C5568E88638F}.Release|Any CPU.Build.0 = Release|Any CPU
		{1C47848E-7B8A-447F-BD27-974E47E3C8EE}.Debug|Any CPU.ActiveCfg = Debug|Any CPU
		{1C47848E-7B8A-447F-BD27-974E47E3C8EE}.Debug|Any CPU.Build.0 = Debug|Any CPU
		{1C47848E-7B8A-447F-BD27-974E47E3C8EE}.Release|Any CPU.ActiveCfg = Release|Any CPU
		{1C47848E-7B8A-447F-BD27-974E47E3C8EE}.Release|Any CPU.Build.0 = Release|Any CPU
		{B0672201-07C9-4A98-A8B1-7021EF57C7E0}.Debug|Any CPU.ActiveCfg = Debug|Any CPU
		{B0672201-07C9-4A98-A8B1-7021EF57C7E0}.Debug|Any CPU.Build.0 = Debug|Any CPU
		{B0672201-07C9-4A98-A8B1-7021EF57C7E0}.Release|Any CPU.ActiveCfg = Release|Any CPU
		{B0672201-07C9-4A98-A8B1-7021EF57C7E0}.Release|Any CPU.Build.0 = Release|Any CPU
		{4EA7A8D9-9D83-499B-8176-F93D7E09C104}.Debug|Any CPU.ActiveCfg = Debug|Any CPU
		{4EA7A8D9-9D83-499B-8176-F93D7E09C104}.Debug|Any CPU.Build.0 = Debug|Any CPU
		{4EA7A8D9-9D83-499B-8176-F93D7E09C104}.Release|Any CPU.ActiveCfg = Release|Any CPU
		{4EA7A8D9-9D83-499B-8176-F93D7E09C104}.Release|Any CPU.Build.0 = Release|Any CPU
		{57BB5C30-4436-4C6D-9342-19FB599A7AC8}.Debug|Any CPU.ActiveCfg = Debug|Any CPU
		{57BB5C30-4436-4C6D-9342-19FB599A7AC8}.Debug|Any CPU.Build.0 = Debug|Any CPU
		{57BB5C30-4436-4C6D-9342-19FB599A7AC8}.Release|Any CPU.ActiveCfg = Release|Any CPU
		{57BB5C30-4436-4C6D-9342-19FB599A7AC8}.Release|Any CPU.Build.0 = Release|Any CPU
		{0324A66F-4704-4C30-95F4-6FD215776685}.Debug|Any CPU.ActiveCfg = Debug|Any CPU
		{0324A66F-4704-4C30-95F4-6FD215776685}.Debug|Any CPU.Build.0 = Debug|Any CPU
		{0324A66F-4704-4C30-95F4-6FD215776685}.Release|Any CPU.ActiveCfg = Release|Any CPU
		{0324A66F-4704-4C30-95F4-6FD215776685}.Release|Any CPU.Build.0 = Release|Any CPU
		{77C2C3B1-7262-4BED-A5EF-EC81811A8602}.Debug|Any CPU.ActiveCfg = Debug|Any CPU
		{77C2C3B1-7262-4BED-A5EF-EC81811A8602}.Debug|Any CPU.Build.0 = Debug|Any CPU
		{77C2C3B1-7262-4BED-A5EF-EC81811A8602}.Release|Any CPU.ActiveCfg = Release|Any CPU
		{77C2C3B1-7262-4BED-A5EF-EC81811A8602}.Release|Any CPU.Build.0 = Release|Any CPU
		{9ACCA04F-D9E2-463D-9884-8C6E4865695F}.Debug|Any CPU.ActiveCfg = Debug|Any CPU
		{9ACCA04F-D9E2-463D-9884-8C6E4865695F}.Debug|Any CPU.Build.0 = Debug|Any CPU
		{9ACCA04F-D9E2-463D-9884-8C6E4865695F}.Release|Any CPU.ActiveCfg = Release|Any CPU
		{9ACCA04F-D9E2-463D-9884-8C6E4865695F}.Release|Any CPU.Build.0 = Release|Any CPU
		{43DF783A-75F3-4D35-B1C9-60607386A66E}.Debug|Any CPU.ActiveCfg = Debug|Any CPU
		{43DF783A-75F3-4D35-B1C9-60607386A66E}.Debug|Any CPU.Build.0 = Debug|Any CPU
		{43DF783A-75F3-4D35-B1C9-60607386A66E}.Release|Any CPU.ActiveCfg = Release|Any CPU
		{43DF783A-75F3-4D35-B1C9-60607386A66E}.Release|Any CPU.Build.0 = Release|Any CPU
	EndGlobalSection
	GlobalSection(SolutionProperties) = preSolution
		HideSolutionNode = FALSE
	EndGlobalSection
	GlobalSection(ExtensibilityGlobals) = postSolution
		SolutionGuid = {608F1658-239E-4195-81BC-46E4E3D92678}
	EndGlobalSection
EndGlobal
